// !$*UTF8*$!
{
	archiveVersion = 1;
	classes = {
	};
	objectVersion = 55;
	objects = {

/* Begin PBXBuildFile section */
		D30CAAB727E6BD7300FE6E9F /* RadioMetadataFetcherModel.swift in Sources */ = {isa = PBXBuildFile; fileRef = D30CAAB627E6BD7300FE6E9F /* RadioMetadataFetcherModel.swift */; };
		D33FCFB42822470E000D18DD /* SettingsView.swift in Sources */ = {isa = PBXBuildFile; fileRef = D33FCFB328224702000D18DD /* SettingsView.swift */; };
		D33FCFBF2824A748000D18DD /* SettingsColorScheme.swift in Sources */ = {isa = PBXBuildFile; fileRef = D33FCFBE2824A748000D18DD /* SettingsColorScheme.swift */; };
		D33FCFC12824B4D1000D18DD /* SettingsModel.swift in Sources */ = {isa = PBXBuildFile; fileRef = D33FCFC02824B4D1000D18DD /* SettingsModel.swift */; };
		D33FEC9127BCDD7100154E7A /* RadioPlayerModel.swift in Sources */ = {isa = PBXBuildFile; fileRef = D33FEC9027BCDD7100154E7A /* RadioPlayerModel.swift */; };
		D344D93327E832020069FCFC /* LogoView.swift in Sources */ = {isa = PBXBuildFile; fileRef = D344D93227E832020069FCFC /* LogoView.swift */; };
		D344D93527ED8DED0069FCFC /* LaunchScreen.storyboard in Resources */ = {isa = PBXBuildFile; fileRef = D344D93427ED8DED0069FCFC /* LaunchScreen.storyboard */; };
		D39175A427BA307300A0C84F /* Assets.xcassets in Resources */ = {isa = PBXBuildFile; fileRef = D391759227BA307300A0C84F /* Assets.xcassets */; };
		D39175B727BA329C00A0C84F /* SoulProvider.swift in Sources */ = {isa = PBXBuildFile; fileRef = D39175B627BA329C00A0C84F /* SoulProvider.swift */; };
		D39175BD27BA32DD00A0C84F /* RadioView.swift in Sources */ = {isa = PBXBuildFile; fileRef = D39175BC27BA32DD00A0C84F /* RadioView.swift */; };
		D3B94F5A27C2ADA100BFB119 /* .gitignore in Resources */ = {isa = PBXBuildFile; fileRef = D3B94F5927C2ADA100BFB119 /* .gitignore */; };
		D3C8EB92281F52E3009CE695 /* RadioStatus.swift in Sources */ = {isa = PBXBuildFile; fileRef = D3C8EB91281F52E3009CE695 /* RadioStatus.swift */; };
		D3C8EB94281F53D4009CE695 /* RadioMetadata.swift in Sources */ = {isa = PBXBuildFile; fileRef = D3C8EB93281F53D4009CE695 /* RadioMetadata.swift */; };
		D3C8EB96281F53FF009CE695 /* RadioError.swift in Sources */ = {isa = PBXBuildFile; fileRef = D3C8EB95281F53FF009CE695 /* RadioError.swift */; };
		D3C8EB9E281F57DC009CE695 /* RadioProgressView.swift in Sources */ = {isa = PBXBuildFile; fileRef = D3C8EB9D281F57DC009CE695 /* RadioProgressView.swift */; };
		D3C8EBA0281F5807009CE695 /* ProgressBar.swift in Sources */ = {isa = PBXBuildFile; fileRef = D3C8EB9F281F5807009CE695 /* ProgressBar.swift */; };
		D3C8EBA3281F58ED009CE695 /* RadioMetadataView.swift in Sources */ = {isa = PBXBuildFile; fileRef = D3C8EBA2281F58ED009CE695 /* RadioMetadataView.swift */; };
		D3C8EBA5281F590C009CE695 /* RadioHeaderView.swift in Sources */ = {isa = PBXBuildFile; fileRef = D3C8EBA4281F590C009CE695 /* RadioHeaderView.swift */; };
		D3C8EBA7281F5AB0009CE695 /* RadioCoverImageView.swift in Sources */ = {isa = PBXBuildFile; fileRef = D3C8EBA6281F5AB0009CE695 /* RadioCoverImageView.swift */; };
		D3F9E99E27DEEC9800FEEDCD /* LoadingView.swift in Sources */ = {isa = PBXBuildFile; fileRef = D3F9E99D27DEEC9800FEEDCD /* LoadingView.swift */; };
/* End PBXBuildFile section */

/* Begin PBXFileReference section */
		D30CAAB627E6BD7300FE6E9F /* RadioMetadataFetcherModel.swift */ = {isa = PBXFileReference; lastKnownFileType = sourcecode.swift; path = RadioMetadataFetcherModel.swift; sourceTree = "<group>"; };
		D33FCFB328224702000D18DD /* SettingsView.swift */ = {isa = PBXFileReference; lastKnownFileType = sourcecode.swift; path = SettingsView.swift; sourceTree = "<group>"; };
		D33FCFBE2824A748000D18DD /* SettingsColorScheme.swift */ = {isa = PBXFileReference; lastKnownFileType = sourcecode.swift; path = SettingsColorScheme.swift; sourceTree = "<group>"; };
		D33FCFC02824B4D1000D18DD /* SettingsModel.swift */ = {isa = PBXFileReference; lastKnownFileType = sourcecode.swift; path = SettingsModel.swift; sourceTree = "<group>"; };
		D33FEC9027BCDD7100154E7A /* RadioPlayerModel.swift */ = {isa = PBXFileReference; lastKnownFileType = sourcecode.swift; path = RadioPlayerModel.swift; sourceTree = "<group>"; };
		D344D93227E832020069FCFC /* LogoView.swift */ = {isa = PBXFileReference; lastKnownFileType = sourcecode.swift; path = LogoView.swift; sourceTree = "<group>"; };
		D344D93427ED8DED0069FCFC /* LaunchScreen.storyboard */ = {isa = PBXFileReference; lastKnownFileType = file.storyboard; path = LaunchScreen.storyboard; sourceTree = "<group>"; };
		D344D93628034BF60069FCFC /* PRIVACY.md */ = {isa = PBXFileReference; lastKnownFileType = net.daringfireball.markdown; path = PRIVACY.md; sourceTree = "<group>"; };
		D391759227BA307300A0C84F /* Assets.xcassets */ = {isa = PBXFileReference; lastKnownFileType = folder.assetcatalog; path = Assets.xcassets; sourceTree = "<group>"; };
		D391759727BA307300A0C84F /* Soul Provider.app */ = {isa = PBXFileReference; explicitFileType = wrapper.application; includeInIndex = 0; path = "Soul Provider.app"; sourceTree = BUILT_PRODUCTS_DIR; };
		D39175B627BA329C00A0C84F /* SoulProvider.swift */ = {isa = PBXFileReference; lastKnownFileType = sourcecode.swift; path = SoulProvider.swift; sourceTree = "<group>"; };
		D39175BC27BA32DD00A0C84F /* RadioView.swift */ = {isa = PBXFileReference; lastKnownFileType = sourcecode.swift; path = RadioView.swift; sourceTree = "<group>"; };
		D3B94F5927C2ADA100BFB119 /* .gitignore */ = {isa = PBXFileReference; fileEncoding = 4; lastKnownFileType = text; path = .gitignore; sourceTree = "<group>"; };
		D3B94F5B27C5EE4300BFB119 /* soulprovidr--iOS--Info.plist */ = {isa = PBXFileReference; lastKnownFileType = text.plist.xml; path = "soulprovidr--iOS--Info.plist"; sourceTree = "<group>"; };
		D3C8EB91281F52E3009CE695 /* RadioStatus.swift */ = {isa = PBXFileReference; lastKnownFileType = sourcecode.swift; path = RadioStatus.swift; sourceTree = "<group>"; };
		D3C8EB93281F53D4009CE695 /* RadioMetadata.swift */ = {isa = PBXFileReference; lastKnownFileType = sourcecode.swift; path = RadioMetadata.swift; sourceTree = "<group>"; };
		D3C8EB95281F53FF009CE695 /* RadioError.swift */ = {isa = PBXFileReference; lastKnownFileType = sourcecode.swift; path = RadioError.swift; sourceTree = "<group>"; };
		D3C8EB9D281F57DC009CE695 /* RadioProgressView.swift */ = {isa = PBXFileReference; lastKnownFileType = sourcecode.swift; path = RadioProgressView.swift; sourceTree = "<group>"; };
		D3C8EB9F281F5807009CE695 /* ProgressBar.swift */ = {isa = PBXFileReference; lastKnownFileType = sourcecode.swift; path = ProgressBar.swift; sourceTree = "<group>"; };
		D3C8EBA2281F58ED009CE695 /* RadioMetadataView.swift */ = {isa = PBXFileReference; lastKnownFileType = sourcecode.swift; path = RadioMetadataView.swift; sourceTree = "<group>"; };
		D3C8EBA4281F590C009CE695 /* RadioHeaderView.swift */ = {isa = PBXFileReference; lastKnownFileType = sourcecode.swift; path = RadioHeaderView.swift; sourceTree = "<group>"; };
		D3C8EBA6281F5AB0009CE695 /* RadioCoverImageView.swift */ = {isa = PBXFileReference; lastKnownFileType = sourcecode.swift; path = RadioCoverImageView.swift; sourceTree = "<group>"; };
		D3F9E99D27DEEC9800FEEDCD /* LoadingView.swift */ = {isa = PBXFileReference; lastKnownFileType = sourcecode.swift; path = LoadingView.swift; sourceTree = "<group>"; };
/* End PBXFileReference section */

/* Begin PBXFrameworksBuildPhase section */
		D391759427BA307300A0C84F /* Frameworks */ = {
			isa = PBXFrameworksBuildPhase;
			buildActionMask = 2147483647;
			files = (
			);
			runOnlyForDeploymentPostprocessing = 0;
		};
/* End PBXFrameworksBuildPhase section */

/* Begin PBXGroup section */
		D33FCFB82822542D000D18DD /* Settings */ = {
			isa = PBXGroup;
			children = (
				D33FCFBE2824A748000D18DD /* SettingsColorScheme.swift */,
				D33FCFC02824B4D1000D18DD /* SettingsModel.swift */,
			);
			path = Settings;
			sourceTree = "<group>";
		};
		D33FCFBD2824A58B000D18DD /* SettingsView */ = {
			isa = PBXGroup;
			children = (
				D33FCFB328224702000D18DD /* SettingsView.swift */,
			);
			path = SettingsView;
			sourceTree = "<group>";
		};
		D391758A27BA307300A0C84F = {
			isa = PBXGroup;
			children = (
				D391759227BA307300A0C84F /* Assets.xcassets */,
				D3C8EB8C281F51B0009CE695 /* Application */,
				D3C8EB89281F501E009CE695 /* Components */,
				D3C8EB90281F529B009CE695 /* Views */,
				D3B94F5927C2ADA100BFB119 /* .gitignore */,
				D344D93628034BF60069FCFC /* PRIVACY.md */,
				D3B94F5B27C5EE4300BFB119 /* soulprovidr--iOS--Info.plist */,
				D391759827BA307300A0C84F /* Products */,
			);
			sourceTree = "<group>";
		};
		D391759827BA307300A0C84F /* Products */ = {
			isa = PBXGroup;
			children = (
				D391759727BA307300A0C84F /* Soul Provider.app */,
			);
			name = Products;
			sourceTree = "<group>";
		};
		D3C8EB89281F501E009CE695 /* Components */ = {
			isa = PBXGroup;
			children = (
				D3C8EB8F281F5279009CE695 /* Radio */,
				D33FCFB82822542D000D18DD /* Settings */,
			);
			path = Components;
			sourceTree = "<group>";
		};
		D3C8EB8C281F51B0009CE695 /* Application */ = {
			isa = PBXGroup;
			children = (
				D344D93427ED8DED0069FCFC /* LaunchScreen.storyboard */,
				D39175B627BA329C00A0C84F /* SoulProvider.swift */,
			);
			path = Application;
			sourceTree = "<group>";
		};
		D3C8EB8F281F5279009CE695 /* Radio */ = {
			isa = PBXGroup;
			children = (
				D30CAAB627E6BD7300FE6E9F /* RadioMetadataFetcherModel.swift */,
				D33FEC9027BCDD7100154E7A /* RadioPlayerModel.swift */,
				D3C8EB91281F52E3009CE695 /* RadioStatus.swift */,
				D3C8EB93281F53D4009CE695 /* RadioMetadata.swift */,
				D3C8EB95281F53FF009CE695 /* RadioError.swift */,
			);
			path = Radio;
			sourceTree = "<group>";
		};
		D3C8EB90281F529B009CE695 /* Views */ = {
			isa = PBXGroup;
			children = (
				D33FCFBD2824A58B000D18DD /* SettingsView */,
				D3C8EB9C281F57AC009CE695 /* RadioView */,
				D3C8EBA1281F5857009CE695 /* Shared */,
			);
			path = Views;
			sourceTree = "<group>";
		};
		D3C8EB9C281F57AC009CE695 /* RadioView */ = {
			isa = PBXGroup;
			children = (
				D39175BC27BA32DD00A0C84F /* RadioView.swift */,
				D3C8EBA2281F58ED009CE695 /* RadioMetadataView.swift */,
				D3C8EB9D281F57DC009CE695 /* RadioProgressView.swift */,
				D3C8EBA4281F590C009CE695 /* RadioHeaderView.swift */,
				D3C8EBA6281F5AB0009CE695 /* RadioCoverImageView.swift */,
			);
			path = RadioView;
			sourceTree = "<group>";
		};
		D3C8EBA1281F5857009CE695 /* Shared */ = {
			isa = PBXGroup;
			children = (
				D3F9E99D27DEEC9800FEEDCD /* LoadingView.swift */,
				D344D93227E832020069FCFC /* LogoView.swift */,
				D3C8EB9F281F5807009CE695 /* ProgressBar.swift */,
			);
			path = Shared;
			sourceTree = "<group>";
		};
/* End PBXGroup section */

/* Begin PBXNativeTarget section */
		D391759627BA307300A0C84F /* soulprovidr (iOS) */ = {
			isa = PBXNativeTarget;
			buildConfigurationList = D39175A827BA307300A0C84F /* Build configuration list for PBXNativeTarget "soulprovidr (iOS)" */;
			buildPhases = (
				D391759327BA307300A0C84F /* Sources */,
				D391759427BA307300A0C84F /* Frameworks */,
				D391759527BA307300A0C84F /* Resources */,
			);
			buildRules = (
			);
			dependencies = (
			);
			name = "soulprovidr (iOS)";
			productName = "soulprovider-ios (iOS)";
			productReference = D391759727BA307300A0C84F /* Soul Provider.app */;
			productType = "com.apple.product-type.application";
		};
/* End PBXNativeTarget section */

/* Begin PBXProject section */
		D391758B27BA307300A0C84F /* Project object */ = {
			isa = PBXProject;
			attributes = {
				BuildIndependentTargetsInParallel = 1;
				LastSwiftUpdateCheck = 1320;
				LastUpgradeCheck = 1320;
				TargetAttributes = {
					D391759627BA307300A0C84F = {
						CreatedOnToolsVersion = 13.2.1;
					};
				};
			};
			buildConfigurationList = D391758E27BA307300A0C84F /* Build configuration list for PBXProject "soulprovidr" */;
			compatibilityVersion = "Xcode 13.0";
			developmentRegion = en;
			hasScannedForEncodings = 0;
			knownRegions = (
				en,
				Base,
			);
			mainGroup = D391758A27BA307300A0C84F;
			productRefGroup = D391759827BA307300A0C84F /* Products */;
			projectDirPath = "";
			projectRoot = "";
			targets = (
				D391759627BA307300A0C84F /* soulprovidr (iOS) */,
			);
		};
/* End PBXProject section */

/* Begin PBXResourcesBuildPhase section */
		D391759527BA307300A0C84F /* Resources */ = {
			isa = PBXResourcesBuildPhase;
			buildActionMask = 2147483647;
			files = (
				D344D93527ED8DED0069FCFC /* LaunchScreen.storyboard in Resources */,
				D39175A427BA307300A0C84F /* Assets.xcassets in Resources */,
				D3B94F5A27C2ADA100BFB119 /* .gitignore in Resources */,
			);
			runOnlyForDeploymentPostprocessing = 0;
		};
/* End PBXResourcesBuildPhase section */

/* Begin PBXSourcesBuildPhase section */
		D391759327BA307300A0C84F /* Sources */ = {
			isa = PBXSourcesBuildPhase;
			buildActionMask = 2147483647;
			files = (
				D33FCFC12824B4D1000D18DD /* SettingsModel.swift in Sources */,
				D33FCFB42822470E000D18DD /* SettingsView.swift in Sources */,
				D39175B727BA329C00A0C84F /* SoulProvider.swift in Sources */,
				D3C8EBA0281F5807009CE695 /* ProgressBar.swift in Sources */,
				D344D93327E832020069FCFC /* LogoView.swift in Sources */,
				D3F9E99E27DEEC9800FEEDCD /* LoadingView.swift in Sources */,
				D3C8EB92281F52E3009CE695 /* RadioStatus.swift in Sources */,
				D3C8EBA5281F590C009CE695 /* RadioHeaderView.swift in Sources */,
				D3C8EBA3281F58ED009CE695 /* RadioMetadataView.swift in Sources */,
				D33FCFBF2824A748000D18DD /* SettingsColorScheme.swift in Sources */,
				D39175BD27BA32DD00A0C84F /* RadioView.swift in Sources */,
				D3C8EBA7281F5AB0009CE695 /* RadioCoverImageView.swift in Sources */,
				D33FEC9127BCDD7100154E7A /* RadioPlayerModel.swift in Sources */,
				D3C8EB96281F53FF009CE695 /* RadioError.swift in Sources */,
				D3C8EB9E281F57DC009CE695 /* RadioProgressView.swift in Sources */,
				D3C8EB94281F53D4009CE695 /* RadioMetadata.swift in Sources */,
				D30CAAB727E6BD7300FE6E9F /* RadioMetadataFetcherModel.swift in Sources */,
			);
			runOnlyForDeploymentPostprocessing = 0;
		};
/* End PBXSourcesBuildPhase section */

/* Begin XCBuildConfiguration section */
		D39175A627BA307300A0C84F /* Debug */ = {
			isa = XCBuildConfiguration;
			buildSettings = {
				ALWAYS_SEARCH_USER_PATHS = NO;
				CLANG_ANALYZER_NONNULL = YES;
				CLANG_ANALYZER_NUMBER_OBJECT_CONVERSION = YES_AGGRESSIVE;
				CLANG_CXX_LANGUAGE_STANDARD = "gnu++17";
				CLANG_CXX_LIBRARY = "libc++";
				CLANG_ENABLE_MODULES = YES;
				CLANG_ENABLE_OBJC_ARC = YES;
				CLANG_ENABLE_OBJC_WEAK = YES;
				CLANG_WARN_BLOCK_CAPTURE_AUTORELEASING = YES;
				CLANG_WARN_BOOL_CONVERSION = YES;
				CLANG_WARN_COMMA = YES;
				CLANG_WARN_CONSTANT_CONVERSION = YES;
				CLANG_WARN_DEPRECATED_OBJC_IMPLEMENTATIONS = YES;
				CLANG_WARN_DIRECT_OBJC_ISA_USAGE = YES_ERROR;
				CLANG_WARN_DOCUMENTATION_COMMENTS = YES;
				CLANG_WARN_EMPTY_BODY = YES;
				CLANG_WARN_ENUM_CONVERSION = YES;
				CLANG_WARN_INFINITE_RECURSION = YES;
				CLANG_WARN_INT_CONVERSION = YES;
				CLANG_WARN_NON_LITERAL_NULL_CONVERSION = YES;
				CLANG_WARN_OBJC_IMPLICIT_RETAIN_SELF = YES;
				CLANG_WARN_OBJC_LITERAL_CONVERSION = YES;
				CLANG_WARN_OBJC_ROOT_CLASS = YES_ERROR;
				CLANG_WARN_QUOTED_INCLUDE_IN_FRAMEWORK_HEADER = YES;
				CLANG_WARN_RANGE_LOOP_ANALYSIS = YES;
				CLANG_WARN_STRICT_PROTOTYPES = YES;
				CLANG_WARN_SUSPICIOUS_MOVE = YES;
				CLANG_WARN_UNGUARDED_AVAILABILITY = YES_AGGRESSIVE;
				CLANG_WARN_UNREACHABLE_CODE = YES;
				CLANG_WARN__DUPLICATE_METHOD_MATCH = YES;
				COPY_PHASE_STRIP = NO;
				DEBUG_INFORMATION_FORMAT = dwarf;
				ENABLE_STRICT_OBJC_MSGSEND = YES;
				ENABLE_TESTABILITY = YES;
				GCC_C_LANGUAGE_STANDARD = gnu11;
				GCC_DYNAMIC_NO_PIC = NO;
				GCC_NO_COMMON_BLOCKS = YES;
				GCC_OPTIMIZATION_LEVEL = 0;
				GCC_PREPROCESSOR_DEFINITIONS = (
					"DEBUG=1",
					"$(inherited)",
				);
				GCC_WARN_64_TO_32_BIT_CONVERSION = YES;
				GCC_WARN_ABOUT_RETURN_TYPE = YES_ERROR;
				GCC_WARN_UNDECLARED_SELECTOR = YES;
				GCC_WARN_UNINITIALIZED_AUTOS = YES_AGGRESSIVE;
				GCC_WARN_UNUSED_FUNCTION = YES;
				GCC_WARN_UNUSED_VARIABLE = YES;
				IPHONEOS_DEPLOYMENT_TARGET = 14.0;
				MTL_ENABLE_DEBUG_INFO = INCLUDE_SOURCE;
				MTL_FAST_MATH = YES;
				ONLY_ACTIVE_ARCH = YES;
				SWIFT_ACTIVE_COMPILATION_CONDITIONS = DEBUG;
				SWIFT_OPTIMIZATION_LEVEL = "-Onone";
			};
			name = Debug;
		};
		D39175A727BA307300A0C84F /* Release */ = {
			isa = XCBuildConfiguration;
			buildSettings = {
				ALWAYS_SEARCH_USER_PATHS = NO;
				CLANG_ANALYZER_NONNULL = YES;
				CLANG_ANALYZER_NUMBER_OBJECT_CONVERSION = YES_AGGRESSIVE;
				CLANG_CXX_LANGUAGE_STANDARD = "gnu++17";
				CLANG_CXX_LIBRARY = "libc++";
				CLANG_ENABLE_MODULES = YES;
				CLANG_ENABLE_OBJC_ARC = YES;
				CLANG_ENABLE_OBJC_WEAK = YES;
				CLANG_WARN_BLOCK_CAPTURE_AUTORELEASING = YES;
				CLANG_WARN_BOOL_CONVERSION = YES;
				CLANG_WARN_COMMA = YES;
				CLANG_WARN_CONSTANT_CONVERSION = YES;
				CLANG_WARN_DEPRECATED_OBJC_IMPLEMENTATIONS = YES;
				CLANG_WARN_DIRECT_OBJC_ISA_USAGE = YES_ERROR;
				CLANG_WARN_DOCUMENTATION_COMMENTS = YES;
				CLANG_WARN_EMPTY_BODY = YES;
				CLANG_WARN_ENUM_CONVERSION = YES;
				CLANG_WARN_INFINITE_RECURSION = YES;
				CLANG_WARN_INT_CONVERSION = YES;
				CLANG_WARN_NON_LITERAL_NULL_CONVERSION = YES;
				CLANG_WARN_OBJC_IMPLICIT_RETAIN_SELF = YES;
				CLANG_WARN_OBJC_LITERAL_CONVERSION = YES;
				CLANG_WARN_OBJC_ROOT_CLASS = YES_ERROR;
				CLANG_WARN_QUOTED_INCLUDE_IN_FRAMEWORK_HEADER = YES;
				CLANG_WARN_RANGE_LOOP_ANALYSIS = YES;
				CLANG_WARN_STRICT_PROTOTYPES = YES;
				CLANG_WARN_SUSPICIOUS_MOVE = YES;
				CLANG_WARN_UNGUARDED_AVAILABILITY = YES_AGGRESSIVE;
				CLANG_WARN_UNREACHABLE_CODE = YES;
				CLANG_WARN__DUPLICATE_METHOD_MATCH = YES;
				COPY_PHASE_STRIP = NO;
				DEBUG_INFORMATION_FORMAT = "dwarf-with-dsym";
				ENABLE_NS_ASSERTIONS = NO;
				ENABLE_STRICT_OBJC_MSGSEND = YES;
				GCC_C_LANGUAGE_STANDARD = gnu11;
				GCC_NO_COMMON_BLOCKS = YES;
				GCC_WARN_64_TO_32_BIT_CONVERSION = YES;
				GCC_WARN_ABOUT_RETURN_TYPE = YES_ERROR;
				GCC_WARN_UNDECLARED_SELECTOR = YES;
				GCC_WARN_UNINITIALIZED_AUTOS = YES_AGGRESSIVE;
				GCC_WARN_UNUSED_FUNCTION = YES;
				GCC_WARN_UNUSED_VARIABLE = YES;
				IPHONEOS_DEPLOYMENT_TARGET = 14.0;
				MTL_ENABLE_DEBUG_INFO = NO;
				MTL_FAST_MATH = YES;
				SWIFT_COMPILATION_MODE = wholemodule;
				SWIFT_OPTIMIZATION_LEVEL = "-O";
			};
			name = Release;
		};
		D39175A927BA307300A0C84F /* Debug */ = {
			isa = XCBuildConfiguration;
			buildSettings = {
				ASSETCATALOG_COMPILER_APPICON_NAME = AppIcon;
				ASSETCATALOG_COMPILER_GLOBAL_ACCENT_COLOR_NAME = AccentColor;
				CODE_SIGN_IDENTITY = "Apple Development";
				CODE_SIGN_STYLE = Automatic;
				CURRENT_PROJECT_VERSION = 2;
				DEVELOPMENT_ASSET_PATHS = "";
				DEVELOPMENT_TEAM = VPLAK52BTN;
				ENABLE_PREVIEWS = YES;
				GENERATE_INFOPLIST_FILE = YES;
				INFOPLIST_FILE = "soulprovidr--iOS--Info.plist";
				INFOPLIST_KEY_UIApplicationSceneManifest_Generation = YES;
				INFOPLIST_KEY_UIApplicationSupportsIndirectInputEvents = YES;
				INFOPLIST_KEY_UILaunchStoryboardName = LaunchScreen;
				INFOPLIST_KEY_UISupportedInterfaceOrientations_iPad = "UIInterfaceOrientationPortrait UIInterfaceOrientationPortraitUpsideDown UIInterfaceOrientationLandscapeLeft UIInterfaceOrientationLandscapeRight";
				INFOPLIST_KEY_UISupportedInterfaceOrientations_iPhone = "UIInterfaceOrientationPortrait UIInterfaceOrientationLandscapeLeft UIInterfaceOrientationLandscapeRight";
				IPHONEOS_DEPLOYMENT_TARGET = 15.0;
				LD_RUNPATH_SEARCH_PATHS = (
					"$(inherited)",
					"@executable_path/Frameworks",
				);
				MARKETING_VERSION = 1.3.0;
				PRODUCT_BUNDLE_IDENTIFIER = fm.soulprovidr.app;
				PRODUCT_NAME = "Soul Provider";
				PROVISIONING_PROFILE_SPECIFIER = "";
				SDKROOT = iphoneos;
				SUPPORTED_PLATFORMS = "iphoneos iphonesimulator";
				SUPPORTS_MACCATALYST = NO;
				SUPPORTS_MAC_DESIGNED_FOR_IPHONE_IPAD = NO;
				SWIFT_EMIT_LOC_STRINGS = YES;
				SWIFT_VERSION = 5.0;
				TARGETED_DEVICE_FAMILY = "1,2";
			};
			name = Debug;
		};
		D39175AA27BA307300A0C84F /* Release */ = {
			isa = XCBuildConfiguration;
			buildSettings = {
				ASSETCATALOG_COMPILER_APPICON_NAME = AppIcon;
				ASSETCATALOG_COMPILER_GLOBAL_ACCENT_COLOR_NAME = AccentColor;
				CODE_SIGN_IDENTITY = "Apple Development";
				CODE_SIGN_STYLE = Automatic;
				CURRENT_PROJECT_VERSION = 2;
				DEVELOPMENT_ASSET_PATHS = "";
				DEVELOPMENT_TEAM = VPLAK52BTN;
				ENABLE_PREVIEWS = YES;
				GENERATE_INFOPLIST_FILE = YES;
				INFOPLIST_FILE = "soulprovidr--iOS--Info.plist";
				INFOPLIST_KEY_UIApplicationSceneManifest_Generation = YES;
				INFOPLIST_KEY_UIApplicationSupportsIndirectInputEvents = YES;
				INFOPLIST_KEY_UILaunchStoryboardName = LaunchScreen;
				INFOPLIST_KEY_UISupportedInterfaceOrientations_iPad = "UIInterfaceOrientationPortrait UIInterfaceOrientationPortraitUpsideDown UIInterfaceOrientationLandscapeLeft UIInterfaceOrientationLandscapeRight";
				INFOPLIST_KEY_UISupportedInterfaceOrientations_iPhone = "UIInterfaceOrientationPortrait UIInterfaceOrientationLandscapeLeft UIInterfaceOrientationLandscapeRight";
				IPHONEOS_DEPLOYMENT_TARGET = 15.0;
				LD_RUNPATH_SEARCH_PATHS = (
					"$(inherited)",
					"@executable_path/Frameworks",
				);
				MARKETING_VERSION = 1.3.0;
				PRODUCT_BUNDLE_IDENTIFIER = fm.soulprovidr.app;
				PRODUCT_NAME = "Soul Provider";
				PROVISIONING_PROFILE_SPECIFIER = "";
				SDKROOT = iphoneos;
				SUPPORTED_PLATFORMS = "iphoneos iphonesimulator";
				SUPPORTS_MACCATALYST = NO;
				SUPPORTS_MAC_DESIGNED_FOR_IPHONE_IPAD = NO;
				SWIFT_EMIT_LOC_STRINGS = YES;
				SWIFT_VERSION = 5.0;
				TARGETED_DEVICE_FAMILY = "1,2";
				VALIDATE_PRODUCT = YES;
			};
			name = Release;
		};
/* End XCBuildConfiguration section */

/* Begin XCConfigurationList section */
		D391758E27BA307300A0C84F /* Build configuration list for PBXProject "soulprovidr" */ = {
			isa = XCConfigurationList;
			buildConfigurations = (
				D39175A627BA307300A0C84F /* Debug */,
				D39175A727BA307300A0C84F /* Release */,
			);
			defaultConfigurationIsVisible = 0;
			defaultConfigurationName = Release;
		};
		D39175A827BA307300A0C84F /* Build configuration list for PBXNativeTarget "soulprovidr (iOS)" */ = {
			isa = XCConfigurationList;
			buildConfigurations = (
				D39175A927BA307300A0C84F /* Debug */,
				D39175AA27BA307300A0C84F /* Release */,
			);
			defaultConfigurationIsVisible = 0;
			defaultConfigurationName = Release;
		};
/* End XCConfigurationList section */
	};
	rootObject = D391758B27BA307300A0C84F /* Project object */;
}
